
Microsoft Visual Studio Solution File, Format Version 12.00
# Visual Studio Version 16
VisualStudioVersion = 16.0.29123.89
MinimumVisualStudioVersion = 10.0.40219.1
Project("{FAE04EC0-301F-11D3-BF4B-00C04F79EFBC}") = "dotnetCoreWebSample", "dotnetCoreWebSample\dotnetCoreWebSample.csproj", "{D1ED996F-0BC3-4EC5-85F6-F53F8D432C39}"
EndProject
Global
	GlobalSection(SolutionConfigurationPlatforms) = preSolution
		Debug|Any CPU = Debug|Any CPU
		Release|Any CPU = Release|Any CPU
	EndGlobalSection
	GlobalSection(ProjectConfigurationPlatforms) = postSolution
		{D1ED996F-0BC3-4EC5-85F6-F53F8D432C39}.Debug|Any CPU.ActiveCfg = Debug|Any CPU
		{D1ED996F-0BC3-4EC5-85F6-F53F8D432C39}.Debug|Any CPU.Build.0 = Debug|Any CPU
		{D1ED996F-0BC3-4EC5-85F6-F53F8D432C39}.Release|Any CPU.ActiveCfg = Release|Any CPU
		{D1ED996F-0BC3-4EC5-85F6-F53F8D432C39}.Release|Any CPU.Build.0 = Release|Any CPU
	EndGlobalSection
	GlobalSection(SolutionProperties) = preSolution
		HideSolutionNode = FALSE
	EndGlobalSection
	GlobalSection(ExtensibilityGlobals) = postSolution
		SolutionGuid = {B0544F4A-5E6B-4ADC-8211-D60199C178C3}
	EndGlobalSection
EndGlobal
